
Microsoft Visual Studio Solution File, Format Version 12.00
# Visual Studio Version 17
VisualStudioVersion = 17.7.34018.315
MinimumVisualStudioVersion = 10.0.40219.1
Project("{2150E333-8FDC-42A3-9474-1A3956D46DE8}") = "N52", "N52", "{472EEC0C-E912-439F-8123-A00203D2537F}"
EndProject
Project("{9A19103F-16F7-4668-BE54-9A1E7A4F7556}") = "Delegate Example", "Delegate Example\Delegate Example.csproj", "{0209ACA0-DD53-4245-A7A0-B218CF6CE442}"
EndProject
Project("{FAE04EC0-301F-11D3-BF4B-00C04F79EFBC}") = "User_Event_N52_HT1", "User_Event_N52_HT1\User_Event_N52_HT1.csproj", "{D95E054F-9681-4748-8309-621E547443A3}"
EndProject
Global
	GlobalSection(SolutionConfigurationPlatforms) = preSolution
		Debug|Any CPU = Debug|Any CPU
		Release|Any CPU = Release|Any CPU
	EndGlobalSection
	GlobalSection(ProjectConfigurationPlatforms) = postSolution
		{0209ACA0-DD53-4245-A7A0-B218CF6CE442}.Debug|Any CPU.ActiveCfg = Debug|Any CPU
		{0209ACA0-DD53-4245-A7A0-B218CF6CE442}.Debug|Any CPU.Build.0 = Debug|Any CPU
		{0209ACA0-DD53-4245-A7A0-B218CF6CE442}.Release|Any CPU.ActiveCfg = Release|Any CPU
		{0209ACA0-DD53-4245-A7A0-B218CF6CE442}.Release|Any CPU.Build.0 = Release|Any CPU
		{D95E054F-9681-4748-8309-621E547443A3}.Debug|Any CPU.ActiveCfg = Debug|Any CPU
		{D95E054F-9681-4748-8309-621E547443A3}.Debug|Any CPU.Build.0 = Debug|Any CPU
		{D95E054F-9681-4748-8309-621E547443A3}.Release|Any CPU.ActiveCfg = Release|Any CPU
		{D95E054F-9681-4748-8309-621E547443A3}.Release|Any CPU.Build.0 = Release|Any CPU
	EndGlobalSection
	GlobalSection(SolutionProperties) = preSolution
		HideSolutionNode = FALSE
	EndGlobalSection
	GlobalSection(NestedProjects) = preSolution
		{0209ACA0-DD53-4245-A7A0-B218CF6CE442} = {472EEC0C-E912-439F-8123-A00203D2537F}
		{D95E054F-9681-4748-8309-621E547443A3} = {472EEC0C-E912-439F-8123-A00203D2537F}
	EndGlobalSection
	GlobalSection(ExtensibilityGlobals) = postSolution
		SolutionGuid = {D8747FB9-D5BB-43D5-B2BD-4690B40C510E}
	EndGlobalSection
EndGlobal
